
Microsoft Visual Studio Solution File, Format Version 12.00
# Visual Studio Version 17
VisualStudioVersion = 17.0.31903.59
MinimumVisualStudioVersion = 10.0.40219.1
Project("{2150E333-8FDC-42A3-9474-1A3956D46DE8}") = "src", "src", "{DBBCD769-3CD7-4F6A-A82B-04EA24507373}"
EndProject
Project("{2150E333-8FDC-42A3-9474-1A3956D46DE8}") = "tests", "tests", "{CE446636-D23A-4DF9-95F7-AF4C2369ADBA}"
EndProject
Project("{2150E333-8FDC-42A3-9474-1A3956D46DE8}") = "deployments", "deployments", "{1E1AB6AE-193F-4D98-9CBF-C13378350F97}"
EndProject
Project("{2150E333-8FDC-42A3-9474-1A3956D46DE8}") = "Lesson", "Lesson", "{D85E7EA5-310E-4EA4-A3F5-A25859564F5F}"
EndProject
Project("{2150E333-8FDC-42A3-9474-1A3956D46DE8}") = "Admin", "Admin", "{2431DD6E-E0EF-49D0-A9E1-9C247DB8147A}"
EndProject
Project("{2150E333-8FDC-42A3-9474-1A3956D46DE8}") = "Student", "Student", "{DA964F61-6BB5-4277-9737-22ACF86BFDC2}"
EndProject
Project("{2150E333-8FDC-42A3-9474-1A3956D46DE8}") = "Teacher", "Teacher", "{4523EFE4-80D2-4837-8B2B-7A2456485EBC}"
EndProject
Project("{FAE04EC0-301F-11D3-BF4B-00C04F79EFBC}") = "Admin.API", "src\Admin\Admin.API\Admin.API.csproj", "{70B1B668-E28E-424D-BD36-2D15061898B9}"
EndProject
Project("{FAE04EC0-301F-11D3-BF4B-00C04F79EFBC}") = "Admin.Application", "src\Admin\Admin.Application\Admin.Application.csproj", "{130C7CE3-C8E5-41C1-B9F8-2F7898560F40}"
EndProject
Project("{FAE04EC0-301F-11D3-BF4B-00C04F79EFBC}") = "Admin.Domain", "src\Admin\Admin.Domain\Admin.Domain.csproj", "{6AA78141-4E50-474F-8944-04D22B76C075}"
EndProject
Project("{FAE04EC0-301F-11D3-BF4B-00C04F79EFBC}") = "Admin.Infrastructure", "src\Admin\Admin.Infrastructure\Admin.Infrastructure.csproj", "{7F0932C4-D219-420E-BDAD-F7831D3DB760}"
EndProject
Project("{FAE04EC0-301F-11D3-BF4B-00C04F79EFBC}") = "Lesson.Domain", "src\Lesson\Lesson.Domain\Lesson.Domain.csproj", "{BB452E9C-DFCD-4397-81E9-D44055DE93AE}"
EndProject
Project("{FAE04EC0-301F-11D3-BF4B-00C04F79EFBC}") = "Lesson.Application", "src\Lesson\Lesson.Application\Lesson.Application.csproj", "{58D387F3-EC33-4C87-ACE9-66EEEE1683E2}"
EndProject
Project("{FAE04EC0-301F-11D3-BF4B-00C04F79EFBC}") = "Lesson.Infrastructure", "src\Lesson\Lesson.Infrastructure\Lesson.Infrastructure.csproj", "{0681497F-7C3F-4E13-8372-3E2784ABFFDB}"
EndProject
Project("{FAE04EC0-301F-11D3-BF4B-00C04F79EFBC}") = "Student.Domain", "src\Student\Student.Domain\Student.Domain.csproj", "{A1A68B2C-D46F-44F8-B5BA-76A5891106CD}"
EndProject
Project("{FAE04EC0-301F-11D3-BF4B-00C04F79EFBC}") = "Student.Application", "src\Student\Student.Application\Student.Application.csproj", "{19ED143F-EFC2-4C02-950D-17C95B8C24C0}"
EndProject
Project("{FAE04EC0-301F-11D3-BF4B-00C04F79EFBC}") = "Student.Infrastructure", "src\Student\Student.Infrastructure\Student.Infrastructure.csproj", "{9441BEF3-A510-4029-9AF6-B36B8E902061}"
EndProject
Project("{FAE04EC0-301F-11D3-BF4B-00C04F79EFBC}") = "Teacher.Domain", "src\Teacher\Teacher.Domain\Teacher.Domain.csproj", "{7DE486D9-BA60-46ED-AE60-CFE3B09AFB56}"
EndProject
Project("{FAE04EC0-301F-11D3-BF4B-00C04F79EFBC}") = "Teacher.Application", "src\Teacher\Teacher.Application\Teacher.Application.csproj", "{C9449ABE-0CA7-4674-A008-BCE9F856B9AB}"
EndProject
Project("{FAE04EC0-301F-11D3-BF4B-00C04F79EFBC}") = "Teacher.Infrastructure", "src\Teacher\Teacher.Infrastructure\Teacher.Infrastructure.csproj", "{3DF8FBD5-DFB9-459D-B40F-2D64C1F08522}"
EndProject
Project("{FAE04EC0-301F-11D3-BF4B-00C04F79EFBC}") = "Teacher.API", "src\Teacher\Teacher.API\Teacher.API.csproj", "{8B9D9021-9C98-47AE-B1A3-E57599E0433C}"
EndProject
Project("{FAE04EC0-301F-11D3-BF4B-00C04F79EFBC}") = "Student.API", "src\Student\Student.API\Student.API.csproj", "{6224799C-7A6A-4B88-8DF1-C5B706AB5219}"
EndProject
Project("{FAE04EC0-301F-11D3-BF4B-00C04F79EFBC}") = "Lesson.API", "src\Lesson\Lesson.API\Lesson.API.csproj", "{81038806-1A73-46E2-8CCF-8C4254343FF5}"
EndProject
Project("{2150E333-8FDC-42A3-9474-1A3956D46DE8}") = "ApiGateway", "ApiGateway", "{EE3D67D0-4A8C-45F5-9779-266ABFCAA3E9}"
EndProject
Project("{FAE04EC0-301F-11D3-BF4B-00C04F79EFBC}") = "Gateway.API", "ApiGateway\Gateway.API\Gateway.API.csproj", "{394475A8-2F27-4ACE-8F7D-8B1C6BB4B2F1}"
EndProject
Project("{E53339B2-1760-4266-BCC7-CA923CBCF16C}") = "docker-compose", "docker-compose.dcproj", "{EA16D783-42AD-4E3A-9A09-3A8A651F3196}"
EndProject
Global
	GlobalSection(SolutionConfigurationPlatforms) = preSolution
		Debug|Any CPU = Debug|Any CPU
		Release|Any CPU = Release|Any CPU
	EndGlobalSection
	GlobalSection(ProjectConfigurationPlatforms) = postSolution
		{70B1B668-E28E-424D-BD36-2D15061898B9}.Debug|Any CPU.ActiveCfg = Debug|Any CPU
		{70B1B668-E28E-424D-BD36-2D15061898B9}.Debug|Any CPU.Build.0 = Debug|Any CPU
		{70B1B668-E28E-424D-BD36-2D15061898B9}.Release|Any CPU.ActiveCfg = Release|Any CPU
		{70B1B668-E28E-424D-BD36-2D15061898B9}.Release|Any CPU.Build.0 = Release|Any CPU
		{130C7CE3-C8E5-41C1-B9F8-2F7898560F40}.Debug|Any CPU.ActiveCfg = Debug|Any CPU
		{130C7CE3-C8E5-41C1-B9F8-2F7898560F40}.Debug|Any CPU.Build.0 = Debug|Any CPU
		{130C7CE3-C8E5-41C1-B9F8-2F7898560F40}.Release|Any CPU.ActiveCfg = Release|Any CPU
		{130C7CE3-C8E5-41C1-B9F8-2F7898560F40}.Release|Any CPU.Build.0 = Release|Any CPU
		{6AA78141-4E50-474F-8944-04D22B76C075}.Debug|Any CPU.ActiveCfg = Debug|Any CPU
		{6AA78141-4E50-474F-8944-04D22B76C075}.Debug|Any CPU.Build.0 = Debug|Any CPU
		{6AA78141-4E50-474F-8944-04D22B76C075}.Release|Any CPU.ActiveCfg = Release|Any CPU
		{6AA78141-4E50-474F-8944-04D22B76C075}.Release|Any CPU.Build.0 = Release|Any CPU
		{7F0932C4-D219-420E-BDAD-F7831D3DB760}.Debug|Any CPU.ActiveCfg = Debug|Any CPU
		{7F0932C4-D219-420E-BDAD-F7831D3DB760}.Debug|Any CPU.Build.0 = Debug|Any CPU
		{7F0932C4-D219-420E-BDAD-F7831D3DB760}.Release|Any CPU.ActiveCfg = Release|Any CPU
		{7F0932C4-D219-420E-BDAD-F7831D3DB760}.Release|Any CPU.Build.0 = Release|Any CPU
		{BB452E9C-DFCD-4397-81E9-D44055DE93AE}.Debug|Any CPU.ActiveCfg = Debug|Any CPU
		{BB452E9C-DFCD-4397-81E9-D44055DE93AE}.Debug|Any CPU.Build.0 = Debug|Any CPU
		{BB452E9C-DFCD-4397-81E9-D44055DE93AE}.Release|Any CPU.ActiveCfg = Release|Any CPU
		{BB452E9C-DFCD-4397-81E9-D44055DE93AE}.Release|Any CPU.Build.0 = Release|Any CPU
		{58D387F3-EC33-4C87-ACE9-66EEEE1683E2}.Debug|Any CPU.ActiveCfg = Debug|Any CPU
		{58D387F3-EC33-4C87-ACE9-66EEEE1683E2}.Debug|Any CPU.Build.0 = Debug|Any CPU
		{58D387F3-EC33-4C87-ACE9-66EEEE1683E2}.Release|Any CPU.ActiveCfg = Release|Any CPU
		{58D387F3-EC33-4C87-ACE9-66EEEE1683E2}.Release|Any CPU.Build.0 = Release|Any CPU
		{0681497F-7C3F-4E13-8372-3E2784ABFFDB}.Debug|Any CPU.ActiveCfg = Debug|Any CPU
		{0681497F-7C3F-4E13-8372-3E2784ABFFDB}.Debug|Any CPU.Build.0 = Debug|Any CPU
		{0681497F-7C3F-4E13-8372-3E2784ABFFDB}.Release|Any CPU.ActiveCfg = Release|Any CPU
		{0681497F-7C3F-4E13-8372-3E2784ABFFDB}.Release|Any CPU.Build.0 = Release|Any CPU
		{A1A68B2C-D46F-44F8-B5BA-76A5891106CD}.Debug|Any CPU.ActiveCfg = Debug|Any CPU
		{A1A68B2C-D46F-44F8-B5BA-76A5891106CD}.Debug|Any CPU.Build.0 = Debug|Any CPU
		{A1A68B2C-D46F-44F8-B5BA-76A5891106CD}.Release|Any CPU.ActiveCfg = Release|Any CPU
		{A1A68B2C-D46F-44F8-B5BA-76A5891106CD}.Release|Any CPU.Build.0 = Release|Any CPU
		{19ED143F-EFC2-4C02-950D-17C95B8C24C0}.Debug|Any CPU.ActiveCfg = Debug|Any CPU
		{19ED143F-EFC2-4C02-950D-17C95B8C24C0}.Debug|Any CPU.Build.0 = Debug|Any CPU
		{19ED143F-EFC2-4C02-950D-17C95B8C24C0}.Release|Any CPU.ActiveCfg = Release|Any CPU
		{19ED143F-EFC2-4C02-950D-17C95B8C24C0}.Release|Any CPU.Build.0 = Release|Any CPU
		{9441BEF3-A510-4029-9AF6-B36B8E902061}.Debug|Any CPU.ActiveCfg = Debug|Any CPU
		{9441BEF3-A510-4029-9AF6-B36B8E902061}.Debug|Any CPU.Build.0 = Debug|Any CPU
		{9441BEF3-A510-4029-9AF6-B36B8E902061}.Release|Any CPU.ActiveCfg = Release|Any CPU
		{9441BEF3-A510-4029-9AF6-B36B8E902061}.Release|Any CPU.Build.0 = Release|Any CPU
		{7DE486D9-BA60-46ED-AE60-CFE3B09AFB56}.Debug|Any CPU.ActiveCfg = Debug|Any CPU
		{7DE486D9-BA60-46ED-AE60-CFE3B09AFB56}.Debug|Any CPU.Build.0 = Debug|Any CPU
		{7DE486D9-BA60-46ED-AE60-CFE3B09AFB56}.Release|Any CPU.ActiveCfg = Release|Any CPU
		{7DE486D9-BA60-46ED-AE60-CFE3B09AFB56}.Release|Any CPU.Build.0 = Release|Any CPU
		{C9449ABE-0CA7-4674-A008-BCE9F856B9AB}.Debug|Any CPU.ActiveCfg = Debug|Any CPU
		{C9449ABE-0CA7-4674-A008-BCE9F856B9AB}.Debug|Any CPU.Build.0 = Debug|Any CPU
		{C9449ABE-0CA7-4674-A008-BCE9F856B9AB}.Release|Any CPU.ActiveCfg = Release|Any CPU
		{C9449ABE-0CA7-4674-A008-BCE9F856B9AB}.Release|Any CPU.Build.0 = Release|Any CPU
		{3DF8FBD5-DFB9-459D-B40F-2D64C1F08522}.Debug|Any CPU.ActiveCfg = Debug|Any CPU
		{3DF8FBD5-DFB9-459D-B40F-2D64C1F08522}.Debug|Any CPU.Build.0 = Debug|Any CPU
		{3DF8FBD5-DFB9-459D-B40F-2D64C1F08522}.Release|Any CPU.ActiveCfg = Release|Any CPU
		{3DF8FBD5-DFB9-459D-B40F-2D64C1F08522}.Release|Any CPU.Build.0 = Release|Any CPU
		{8B9D9021-9C98-47AE-B1A3-E57599E0433C}.Debug|Any CPU.ActiveCfg = Debug|Any CPU
		{8B9D9021-9C98-47AE-B1A3-E57599E0433C}.Debug|Any CPU.Build.0 = Debug|Any CPU
		{8B9D9021-9C98-47AE-B1A3-E57599E0433C}.Release|Any CPU.ActiveCfg = Release|Any CPU
		{8B9D9021-9C98-47AE-B1A3-E57599E0433C}.Release|Any CPU.Build.0 = Release|Any CPU
		{6224799C-7A6A-4B88-8DF1-C5B706AB5219}.Debug|Any CPU.ActiveCfg = Debug|Any CPU
		{6224799C-7A6A-4B88-8DF1-C5B706AB5219}.Debug|Any CPU.Build.0 = Debug|Any CPU
		{6224799C-7A6A-4B88-8DF1-C5B706AB5219}.Release|Any CPU.ActiveCfg = Release|Any CPU
		{6224799C-7A6A-4B88-8DF1-C5B706AB5219}.Release|Any CPU.Build.0 = Release|Any CPU
		{81038806-1A73-46E2-8CCF-8C4254343FF5}.Debug|Any CPU.ActiveCfg = Debug|Any CPU
		{81038806-1A73-46E2-8CCF-8C4254343FF5}.Debug|Any CPU.Build.0 = Debug|Any CPU
		{81038806-1A73-46E2-8CCF-8C4254343FF5}.Release|Any CPU.ActiveCfg = Release|Any CPU
		{81038806-1A73-46E2-8CCF-8C4254343FF5}.Release|Any CPU.Build.0 = Release|Any CPU
		{394475A8-2F27-4ACE-8F7D-8B1C6BB4B2F1}.Debug|Any CPU.ActiveCfg = Debug|Any CPU
		{394475A8-2F27-4ACE-8F7D-8B1C6BB4B2F1}.Debug|Any CPU.Build.0 = Debug|Any CPU
		{394475A8-2F27-4ACE-8F7D-8B1C6BB4B2F1}.Release|Any CPU.ActiveCfg = Release|Any CPU
		{394475A8-2F27-4ACE-8F7D-8B1C6BB4B2F1}.Release|Any CPU.Build.0 = Release|Any CPU
		{EA16D783-42AD-4E3A-9A09-3A8A651F3196}.Debug|Any CPU.ActiveCfg = Debug|Any CPU
		{EA16D783-42AD-4E3A-9A09-3A8A651F3196}.Debug|Any CPU.Build.0 = Debug|Any CPU
		{EA16D783-42AD-4E3A-9A09-3A8A651F3196}.Release|Any CPU.ActiveCfg = Release|Any CPU
		{EA16D783-42AD-4E3A-9A09-3A8A651F3196}.Release|Any CPU.Build.0 = Release|Any CPU
	EndGlobalSection
	GlobalSection(SolutionProperties) = preSolution
		HideSolutionNode = FALSE
	EndGlobalSection
	GlobalSection(NestedProjects) = preSolution
		{D85E7EA5-310E-4EA4-A3F5-A25859564F5F} = {DBBCD769-3CD7-4F6A-A82B-04EA24507373}
		{2431DD6E-E0EF-49D0-A9E1-9C247DB8147A} = {DBBCD769-3CD7-4F6A-A82B-04EA24507373}
		{DA964F61-6BB5-4277-9737-22ACF86BFDC2} = {DBBCD769-3CD7-4F6A-A82B-04EA24507373}
		{4523EFE4-80D2-4837-8B2B-7A2456485EBC} = {DBBCD769-3CD7-4F6A-A82B-04EA24507373}
		{70B1B668-E28E-424D-BD36-2D15061898B9} = {2431DD6E-E0EF-49D0-A9E1-9C247DB8147A}
		{130C7CE3-C8E5-41C1-B9F8-2F7898560F40} = {2431DD6E-E0EF-49D0-A9E1-9C247DB8147A}
		{6AA78141-4E50-474F-8944-04D22B76C075} = {2431DD6E-E0EF-49D0-A9E1-9C247DB8147A}
		{7F0932C4-D219-420E-BDAD-F7831D3DB760} = {2431DD6E-E0EF-49D0-A9E1-9C247DB8147A}
		{BB452E9C-DFCD-4397-81E9-D44055DE93AE} = {D85E7EA5-310E-4EA4-A3F5-A25859564F5F}
		{58D387F3-EC33-4C87-ACE9-66EEEE1683E2} = {D85E7EA5-310E-4EA4-A3F5-A25859564F5F}
		{0681497F-7C3F-4E13-8372-3E2784ABFFDB} = {D85E7EA5-310E-4EA4-A3F5-A25859564F5F}
		{A1A68B2C-D46F-44F8-B5BA-76A5891106CD} = {DA964F61-6BB5-4277-9737-22ACF86BFDC2}
		{19ED143F-EFC2-4C02-950D-17C95B8C24C0} = {DA964F61-6BB5-4277-9737-22ACF86BFDC2}
		{9441BEF3-A510-4029-9AF6-B36B8E902061} = {DA964F61-6BB5-4277-9737-22ACF86BFDC2}
		{7DE486D9-BA60-46ED-AE60-CFE3B09AFB56} = {4523EFE4-80D2-4837-8B2B-7A2456485EBC}
		{C9449ABE-0CA7-4674-A008-BCE9F856B9AB} = {4523EFE4-80D2-4837-8B2B-7A2456485EBC}
		{3DF8FBD5-DFB9-459D-B40F-2D64C1F08522} = {4523EFE4-80D2-4837-8B2B-7A2456485EBC}
		{8B9D9021-9C98-47AE-B1A3-E57599E0433C} = {4523EFE4-80D2-4837-8B2B-7A2456485EBC}
		{6224799C-7A6A-4B88-8DF1-C5B706AB5219} = {DA964F61-6BB5-4277-9737-22ACF86BFDC2}
		{81038806-1A73-46E2-8CCF-8C4254343FF5} = {D85E7EA5-310E-4EA4-A3F5-A25859564F5F}
		{EE3D67D0-4A8C-45F5-9779-266ABFCAA3E9} = {DBBCD769-3CD7-4F6A-A82B-04EA24507373}
		{394475A8-2F27-4ACE-8F7D-8B1C6BB4B2F1} = {EE3D67D0-4A8C-45F5-9779-266ABFCAA3E9}
	EndGlobalSection
	GlobalSection(ExtensibilityGlobals) = postSolution
		SolutionGuid = {B5EE2CCA-B4A7-4B71-B6CB-D3545DAD47EF}
	EndGlobalSection
EndGlobal
